
Microsoft Visual Studio Solution File, Format Version 12.00
Project("{FAE04EC0-301F-11D3-BF4B-00C04F79EFBC}") = "Model", "Model\Model.csproj", "{D0443972-C5A1-4CFA-B8B6-5D11B785569C}"
EndProject
Project("{FAE04EC0-301F-11D3-BF4B-00C04F79EFBC}") = "Guessr", "Guessr\Guessr.csproj", "{9DF60F75-5C84-4DE9-954F-F539E54FDE0E}"
EndProject
Global
	GlobalSection(SolutionConfigurationPlatforms) = preSolution
		Debug|Any CPU = Debug|Any CPU
		Release|Any CPU = Release|Any CPU
	EndGlobalSection
	GlobalSection(ProjectConfigurationPlatforms) = postSolution
		{D0443972-C5A1-4CFA-B8B6-5D11B785569C}.Debug|Any CPU.ActiveCfg = Debug|Any CPU
		{D0443972-C5A1-4CFA-B8B6-5D11B785569C}.Debug|Any CPU.Build.0 = Debug|Any CPU
		{D0443972-C5A1-4CFA-B8B6-5D11B785569C}.Release|Any CPU.ActiveCfg = Release|Any CPU
		{D0443972-C5A1-4CFA-B8B6-5D11B785569C}.Release|Any CPU.Build.0 = Release|Any CPU
		{9DF60F75-5C84-4DE9-954F-F539E54FDE0E}.Debug|Any CPU.ActiveCfg = Debug|Any CPU
		{9DF60F75-5C84-4DE9-954F-F539E54FDE0E}.Debug|Any CPU.Build.0 = Debug|Any CPU
		{9DF60F75-5C84-4DE9-954F-F539E54FDE0E}.Release|Any CPU.ActiveCfg = Release|Any CPU
		{9DF60F75-5C84-4DE9-954F-F539E54FDE0E}.Release|Any CPU.Build.0 = Release|Any CPU
	EndGlobalSection
EndGlobal
